{
  "name": "ws-files",
  "version": "1.0.0",
  "lockfileVersion": 1,
  "requires": true,
  "dependencies": {
    "chisel": {
      "version": "0.0.0",
      "resolved": "https://registry.npmjs.org/chisel/-/chisel-0.0.0.tgz",
      "integrity": "sha1-EfQh1oe33pZNo0Rf4KUdB0t39t8="
    },
    "ws": {
      "version": "7.5.3",
      "resolved": "https://registry.npmjs.org/ws/-/ws-7.5.3.tgz",
      "integrity": "sha512-kQ/dHIzuLrS6Je9+uv81ueZomEwH0qVYstcAQ4/Z93K8zeko9gtAbttJWzoC5ukqXY1PpoouV3+VSOqEAFt5wg=="
    }
  }
}
